
Microsoft Visual Studio Solution File, Format Version 12.00
# Visual Studio 15
Project("{FAE04EC0-301F-11D3-BF4B-00C04F79EFBC}") = "Unity.Timeline", "Unity.Timeline.csproj", "{EA5A8711-FECB-E75F-A95F-333ECFC47B22}"
EndProject
Project("{FAE04EC0-301F-11D3-BF4B-00C04F79EFBC}") = "Unity.Timeline.Editor", "Unity.Timeline.Editor.csproj", "{EDB65AE0-0CF3-EA74-1AC6-91C3EA5FAD68}"
EndProject
Project("{FAE04EC0-301F-11D3-BF4B-00C04F79EFBC}") = "Unity.ShaderGraph.Editor", "Unity.ShaderGraph.Editor.csproj", "{45ED6930-92AF-0436-4F8B-774A2371FAD3}"
EndProject
Project("{FAE04EC0-301F-11D3-BF4B-00C04F79EFBC}") = "Unity.TextMeshPro.Editor", "Unity.TextMeshPro.Editor.csproj", "{366E287B-3714-9633-0A42-A9E4997D0DB2}"
EndProject
Project("{FAE04EC0-301F-11D3-BF4B-00C04F79EFBC}") = "Unity.Robotics.Visualizations", "Unity.Robotics.Visualizations.csproj", "{64F1B2CD-024C-54DB-F2FE-5234EB8D5E77}"
EndProject
Project("{FAE04EC0-301F-11D3-BF4B-00C04F79EFBC}") = "Unity.Robotics.ROSTCPConnector.Editor", "Unity.Robotics.ROSTCPConnector.Editor.csproj", "{DC37E926-8ADC-58DC-26C8-8520A3764D9C}"
EndProject
Project("{FAE04EC0-301F-11D3-BF4B-00C04F79EFBC}") = "Unity.VisualScripting.Flow", "Unity.VisualScripting.Flow.csproj", "{3E6188A8-DD93-7FA9-563B-B2A90E5EC89F}"
EndProject
Project("{FAE04EC0-301F-11D3-BF4B-00C04F79EFBC}") = "UnityEditor.UI", "UnityEditor.UI.csproj", "{5C261071-7662-7EF3-C070-210B0ED4CE90}"
EndProject
Project("{FAE04EC0-301F-11D3-BF4B-00C04F79EFBC}") = "Unity.Robotics.UrdfImporter.Editor", "Unity.Robotics.UrdfImporter.Editor.csproj", "{69A422E7-65CF-8B26-0A3D-D9076E509067}"
EndProject
Project("{FAE04EC0-301F-11D3-BF4B-00C04F79EFBC}") = "Unity.PlasticSCM.Editor", "Unity.PlasticSCM.Editor.csproj", "{5D552B30-4CC9-ED57-75CD-F5C9F974CAE6}"
EndProject
Project("{FAE04EC0-301F-11D3-BF4B-00C04F79EFBC}") = "Unity.RenderPipelines.Core.Runtime", "Unity.RenderPipelines.Core.Runtime.csproj", "{5CC6EE86-A0A8-A806-A4FC-85D159774577}"
EndProject
Project("{FAE04EC0-301F-11D3-BF4B-00C04F79EFBC}") = "Unity.Robotics.ROSTCPConnector", "Unity.Robotics.ROSTCPConnector.csproj", "{519314B8-AB4B-CB82-3824-3E81E21F959A}"
EndProject
Project("{FAE04EC0-301F-11D3-BF4B-00C04F79EFBC}") = "Unity.VisualScripting.Core", "Unity.VisualScripting.Core.csproj", "{061F6E23-6498-88CA-7D1B-E7123B0FC5B9}"
EndProject
Project("{FAE04EC0-301F-11D3-BF4B-00C04F79EFBC}") = "Unity.RenderPipelines.Core.Editor", "Unity.RenderPipelines.Core.Editor.csproj", "{59789253-5D57-DEBA-7A10-E6869AB3AC25}"
EndProject
Project("{FAE04EC0-301F-11D3-BF4B-00C04F79EFBC}") = "Unity.VisualScripting.Core.Editor", "Unity.VisualScripting.Core.Editor.csproj", "{29C83637-00C8-424A-380C-B7A87B02C280}"
EndProject
Project("{FAE04EC0-301F-11D3-BF4B-00C04F79EFBC}") = "Unity.VisualScripting.Flow.Editor", "Unity.VisualScripting.Flow.Editor.csproj", "{507E17F5-CEE5-7F3E-ED6D-3B8BA41748B3}"
EndProject
Project("{FAE04EC0-301F-11D3-BF4B-00C04F79EFBC}") = "UnityEditor.TestRunner", "UnityEditor.TestRunner.csproj", "{46B39175-CC9F-5802-3BD1-09031EA8742F}"
EndProject
Project("{FAE04EC0-301F-11D3-BF4B-00C04F79EFBC}") = "Unity.VisualScripting.SettingsProvider.Editor", "Unity.VisualScripting.SettingsProvider.Editor.csproj", "{B1CF84B3-AA48-DA4D-46DF-A9877660939A}"
EndProject
Project("{FAE04EC0-301F-11D3-BF4B-00C04F79EFBC}") = "Unity.Robotics.UrdfImporter", "Unity.Robotics.UrdfImporter.csproj", "{A230F12F-99F7-633C-EA9F-756BEDC229A7}"
EndProject
Project("{FAE04EC0-301F-11D3-BF4B-00C04F79EFBC}") = "UnityEngine.TestRunner", "UnityEngine.TestRunner.csproj", "{66D6488E-0B38-62E5-A668-2C4BD8F5E68E}"
EndProject
Project("{FAE04EC0-301F-11D3-BF4B-00C04F79EFBC}") = "Unity.Searcher.Editor", "Unity.Searcher.Editor.csproj", "{BD8E8E56-0E5B-88E7-A9FF-456D55851489}"
EndProject
Project("{FAE04EC0-301F-11D3-BF4B-00C04F79EFBC}") = "UnityEngine.UI", "UnityEngine.UI.csproj", "{230B78B8-1954-2C32-F98D-9F7FF45FED5F}"
EndProject
Project("{FAE04EC0-301F-11D3-BF4B-00C04F79EFBC}") = "Assembly-CSharp", "Assembly-CSharp.csproj", "{29B7CED1-5320-9F55-59ED-8CAA61842F7E}"
EndProject
Project("{FAE04EC0-301F-11D3-BF4B-00C04F79EFBC}") = "Unity.VisualStudio.Editor", "Unity.VisualStudio.Editor.csproj", "{FB275DFE-0441-6F4A-AA84-9BDB89509F13}"
EndProject
Project("{FAE04EC0-301F-11D3-BF4B-00C04F79EFBC}") = "Unity.TestTools.CodeCoverage.Editor.OpenCover.Model", "Unity.TestTools.CodeCoverage.Editor.OpenCover.Model.csproj", "{A7244A3A-64A7-4E6F-C66E-D8D9C7BE1AC1}"
EndProject
Project("{FAE04EC0-301F-11D3-BF4B-00C04F79EFBC}") = "Unity.Rider.Editor", "Unity.Rider.Editor.csproj", "{44645EDA-8BC6-6B7D-1CD5-E5CFE041D675}"
EndProject
Project("{FAE04EC0-301F-11D3-BF4B-00C04F79EFBC}") = "Unity.VisualScripting.State.Editor", "Unity.VisualScripting.State.Editor.csproj", "{DEC634E8-858C-6A0B-C8A8-AAF4880AC3C8}"
EndProject
Project("{FAE04EC0-301F-11D3-BF4B-00C04F79EFBC}") = "Unity.TestTools.CodeCoverage.Editor", "Unity.TestTools.CodeCoverage.Editor.csproj", "{46E67F8B-DA56-EA76-28E9-1E024F40556A}"
EndProject
Project("{FAE04EC0-301F-11D3-BF4B-00C04F79EFBC}") = "Unity.VisualScripting.State", "Unity.VisualScripting.State.csproj", "{5EBBC958-8B80-71C4-68D9-5CA4E66520EE}"
EndProject
Project("{FAE04EC0-301F-11D3-BF4B-00C04F79EFBC}") = "Unity.TextMeshPro", "Unity.TextMeshPro.csproj", "{9B828822-C37F-CAA9-A418-6C4967D4E691}"
EndProject
Project("{FAE04EC0-301F-11D3-BF4B-00C04F79EFBC}") = "Unity.Performance.Profile-Analyzer.Editor", "Unity.Performance.Profile-Analyzer.Editor.csproj", "{C15E2088-B982-0BE7-9929-96836C6F7A73}"
EndProject
Project("{FAE04EC0-301F-11D3-BF4B-00C04F79EFBC}") = "Unity.VSCode.Editor", "Unity.VSCode.Editor.csproj", "{2E45564E-351B-4BC2-E0F0-A2DA492FFEFB}"
EndProject
Project("{FAE04EC0-301F-11D3-BF4B-00C04F79EFBC}") = "Unity.TestTools.CodeCoverage.Editor.OpenCover.Mono.Reflection", "Unity.TestTools.CodeCoverage.Editor.OpenCover.Mono.Reflection.csproj", "{9951D996-5E01-6ED2-D058-D2DEEBE8642A}"
EndProject
Project("{FAE04EC0-301F-11D3-BF4B-00C04F79EFBC}") = "Unity.Settings.Editor", "Unity.Settings.Editor.csproj", "{1C1F07A6-2CE3-66A3-8CF2-FD8B6EE25FC2}"
EndProject
Project("{FAE04EC0-301F-11D3-BF4B-00C04F79EFBC}") = "Unity.Robotics.Visualizations.Editor", "Unity.Robotics.Visualizations.Editor.csproj", "{02E65BDC-630D-6C6E-5679-4FEAEAAC4EED}"
EndProject
Project("{FAE04EC0-301F-11D3-BF4B-00C04F79EFBC}") = "Unity.ShaderGraph.Utilities", "Unity.ShaderGraph.Utilities.csproj", "{6B70E3A7-0C78-F6CB-5BE2-B9CF5020581D}"
EndProject
Project("{FAE04EC0-301F-11D3-BF4B-00C04F79EFBC}") = "Unity.EditorCoroutines.Editor", "Unity.EditorCoroutines.Editor.csproj", "{33449A55-4F13-9724-8829-5EF38696B038}"
EndProject
Project("{FAE04EC0-301F-11D3-BF4B-00C04F79EFBC}") = "Unity.VisualScripting.Shared.Editor", "Unity.VisualScripting.Shared.Editor.csproj", "{E0565A97-3B91-EFD1-4953-2F2AE5C6E02D}"
EndProject
Project("{FAE04EC0-301F-11D3-BF4B-00C04F79EFBC}") = "Unity.CollabProxy.Editor", "Unity.CollabProxy.Editor.csproj", "{F640EF52-29D4-B4B2-35E7-E3CB97E191CB}"
EndProject
Project("{FAE04EC0-301F-11D3-BF4B-00C04F79EFBC}") = "Unity.RenderPipelines.ShaderGraph.ShaderGraphLibrary", "Unity.RenderPipelines.ShaderGraph.ShaderGraphLibrary.csproj", "{978BA097-9CA6-DED8-3DA6-6B5D7CEE4E3D}"
EndProject
Project("{FAE04EC0-301F-11D3-BF4B-00C04F79EFBC}") = "Unity.RenderPipelines.Core.ShaderLibrary", "Unity.RenderPipelines.Core.ShaderLibrary.csproj", "{B563812F-61D5-D040-071E-4683A3CC8C4C}"
EndProject
Project("{FAE04EC0-301F-11D3-BF4B-00C04F79EFBC}") = "vhacd", "vhacd.csproj", "{A2AE22D6-E56D-6DF5-9D74-BFBAFE9A3387}"
EndProject
Global
	GlobalSection(SolutionConfigurationPlatforms) = preSolution
		Debug|Any CPU = Debug|Any CPU
		Release|Any CPU = Release|Any CPU
	EndGlobalSection
	GlobalSection(ProjectConfigurationPlatforms) = postSolution
		{EA5A8711-FECB-E75F-A95F-333ECFC47B22}.Debug|Any CPU.ActiveCfg = Debug|Any CPU
		{EA5A8711-FECB-E75F-A95F-333ECFC47B22}.Debug|Any CPU.Build.0 = Debug|Any CPU
		{EA5A8711-FECB-E75F-A95F-333ECFC47B22}.Release|Any CPU.ActiveCfg = Release|Any CPU
		{EA5A8711-FECB-E75F-A95F-333ECFC47B22}.Release|Any CPU.Build.0 = Release|Any CPU
		{EDB65AE0-0CF3-EA74-1AC6-91C3EA5FAD68}.Debug|Any CPU.ActiveCfg = Debug|Any CPU
		{EDB65AE0-0CF3-EA74-1AC6-91C3EA5FAD68}.Debug|Any CPU.Build.0 = Debug|Any CPU
		{EDB65AE0-0CF3-EA74-1AC6-91C3EA5FAD68}.Release|Any CPU.ActiveCfg = Release|Any CPU
		{EDB65AE0-0CF3-EA74-1AC6-91C3EA5FAD68}.Release|Any CPU.Build.0 = Release|Any CPU
		{45ED6930-92AF-0436-4F8B-774A2371FAD3}.Debug|Any CPU.ActiveCfg = Debug|Any CPU
		{45ED6930-92AF-0436-4F8B-774A2371FAD3}.Debug|Any CPU.Build.0 = Debug|Any CPU
		{45ED6930-92AF-0436-4F8B-774A2371FAD3}.Release|Any CPU.ActiveCfg = Release|Any CPU
		{45ED6930-92AF-0436-4F8B-774A2371FAD3}.Release|Any CPU.Build.0 = Release|Any CPU
		{366E287B-3714-9633-0A42-A9E4997D0DB2}.Debug|Any CPU.ActiveCfg = Debug|Any CPU
		{366E287B-3714-9633-0A42-A9E4997D0DB2}.Debug|Any CPU.Build.0 = Debug|Any CPU
		{366E287B-3714-9633-0A42-A9E4997D0DB2}.Release|Any CPU.ActiveCfg = Release|Any CPU
		{366E287B-3714-9633-0A42-A9E4997D0DB2}.Release|Any CPU.Build.0 = Release|Any CPU
		{64F1B2CD-024C-54DB-F2FE-5234EB8D5E77}.Debug|Any CPU.ActiveCfg = Debug|Any CPU
		{64F1B2CD-024C-54DB-F2FE-5234EB8D5E77}.Debug|Any CPU.Build.0 = Debug|Any CPU
		{64F1B2CD-024C-54DB-F2FE-5234EB8D5E77}.Release|Any CPU.ActiveCfg = Release|Any CPU
		{64F1B2CD-024C-54DB-F2FE-5234EB8D5E77}.Release|Any CPU.Build.0 = Release|Any CPU
		{DC37E926-8ADC-58DC-26C8-8520A3764D9C}.Debug|Any CPU.ActiveCfg = Debug|Any CPU
		{DC37E926-8ADC-58DC-26C8-8520A3764D9C}.Debug|Any CPU.Build.0 = Debug|Any CPU
		{DC37E926-8ADC-58DC-26C8-8520A3764D9C}.Release|Any CPU.ActiveCfg = Release|Any CPU
		{DC37E926-8ADC-58DC-26C8-8520A3764D9C}.Release|Any CPU.Build.0 = Release|Any CPU
		{3E6188A8-DD93-7FA9-563B-B2A90E5EC89F}.Debug|Any CPU.ActiveCfg = Debug|Any CPU
		{3E6188A8-DD93-7FA9-563B-B2A90E5EC89F}.Debug|Any CPU.Build.0 = Debug|Any CPU
		{3E6188A8-DD93-7FA9-563B-B2A90E5EC89F}.Release|Any CPU.ActiveCfg = Release|Any CPU
		{3E6188A8-DD93-7FA9-563B-B2A90E5EC89F}.Release|Any CPU.Build.0 = Release|Any CPU
		{5C261071-7662-7EF3-C070-210B0ED4CE90}.Debug|Any CPU.ActiveCfg = Debug|Any CPU
		{5C261071-7662-7EF3-C070-210B0ED4CE90}.Debug|Any CPU.Build.0 = Debug|Any CPU
		{5C261071-7662-7EF3-C070-210B0ED4CE90}.Release|Any CPU.ActiveCfg = Release|Any CPU
		{5C261071-7662-7EF3-C070-210B0ED4CE90}.Release|Any CPU.Build.0 = Release|Any CPU
		{69A422E7-65CF-8B26-0A3D-D9076E509067}.Debug|Any CPU.ActiveCfg = Debug|Any CPU
		{69A422E7-65CF-8B26-0A3D-D9076E509067}.Debug|Any CPU.Build.0 = Debug|Any CPU
		{69A422E7-65CF-8B26-0A3D-D9076E509067}.Release|Any CPU.ActiveCfg = Release|Any CPU
		{69A422E7-65CF-8B26-0A3D-D9076E509067}.Release|Any CPU.Build.0 = Release|Any CPU
		{5D552B30-4CC9-ED57-75CD-F5C9F974CAE6}.Debug|Any CPU.ActiveCfg = Debug|Any CPU
		{5D552B30-4CC9-ED57-75CD-F5C9F974CAE6}.Debug|Any CPU.Build.0 = Debug|Any CPU
		{5D552B30-4CC9-ED57-75CD-F5C9F974CAE6}.Release|Any CPU.ActiveCfg = Release|Any CPU
		{5D552B30-4CC9-ED57-75CD-F5C9F974CAE6}.Release|Any CPU.Build.0 = Release|Any CPU
		{5CC6EE86-A0A8-A806-A4FC-85D159774577}.Debug|Any CPU.ActiveCfg = Debug|Any CPU
		{5CC6EE86-A0A8-A806-A4FC-85D159774577}.Debug|Any CPU.Build.0 = Debug|Any CPU
		{5CC6EE86-A0A8-A806-A4FC-85D159774577}.Release|Any CPU.ActiveCfg = Release|Any CPU
		{5CC6EE86-A0A8-A806-A4FC-85D159774577}.Release|Any CPU.Build.0 = Release|Any CPU
		{519314B8-AB4B-CB82-3824-3E81E21F959A}.Debug|Any CPU.ActiveCfg = Debug|Any CPU
		{519314B8-AB4B-CB82-3824-3E81E21F959A}.Debug|Any CPU.Build.0 = Debug|Any CPU
		{519314B8-AB4B-CB82-3824-3E81E21F959A}.Release|Any CPU.ActiveCfg = Release|Any CPU
		{519314B8-AB4B-CB82-3824-3E81E21F959A}.Release|Any CPU.Build.0 = Release|Any CPU
		{061F6E23-6498-88CA-7D1B-E7123B0FC5B9}.Debug|Any CPU.ActiveCfg = Debug|Any CPU
		{061F6E23-6498-88CA-7D1B-E7123B0FC5B9}.Debug|Any CPU.Build.0 = Debug|Any CPU
		{061F6E23-6498-88CA-7D1B-E7123B0FC5B9}.Release|Any CPU.ActiveCfg = Release|Any CPU
		{061F6E23-6498-88CA-7D1B-E7123B0FC5B9}.Release|Any CPU.Build.0 = Release|Any CPU
		{59789253-5D57-DEBA-7A10-E6869AB3AC25}.Debug|Any CPU.ActiveCfg = Debug|Any CPU
		{59789253-5D57-DEBA-7A10-E6869AB3AC25}.Debug|Any CPU.Build.0 = Debug|Any CPU
		{59789253-5D57-DEBA-7A10-E6869AB3AC25}.Release|Any CPU.ActiveCfg = Release|Any CPU
		{59789253-5D57-DEBA-7A10-E6869AB3AC25}.Release|Any CPU.Build.0 = Release|Any CPU
		{29C83637-00C8-424A-380C-B7A87B02C280}.Debug|Any CPU.ActiveCfg = Debug|Any CPU
		{29C83637-00C8-424A-380C-B7A87B02C280}.Debug|Any CPU.Build.0 = Debug|Any CPU
		{29C83637-00C8-424A-380C-B7A87B02C280}.Release|Any CPU.ActiveCfg = Release|Any CPU
		{29C83637-00C8-424A-380C-B7A87B02C280}.Release|Any CPU.Build.0 = Release|Any CPU
		{507E17F5-CEE5-7F3E-ED6D-3B8BA41748B3}.Debug|Any CPU.ActiveCfg = Debug|Any CPU
		{507E17F5-CEE5-7F3E-ED6D-3B8BA41748B3}.Debug|Any CPU.Build.0 = Debug|Any CPU
		{507E17F5-CEE5-7F3E-ED6D-3B8BA41748B3}.Release|Any CPU.ActiveCfg = Release|Any CPU
		{507E17F5-CEE5-7F3E-ED6D-3B8BA41748B3}.Release|Any CPU.Build.0 = Release|Any CPU
		{46B39175-CC9F-5802-3BD1-09031EA8742F}.Debug|Any CPU.ActiveCfg = Debug|Any CPU
		{46B39175-CC9F-5802-3BD1-09031EA8742F}.Debug|Any CPU.Build.0 = Debug|Any CPU
		{46B39175-CC9F-5802-3BD1-09031EA8742F}.Release|Any CPU.ActiveCfg = Release|Any CPU
		{46B39175-CC9F-5802-3BD1-09031EA8742F}.Release|Any CPU.Build.0 = Release|Any CPU
		{B1CF84B3-AA48-DA4D-46DF-A9877660939A}.Debug|Any CPU.ActiveCfg = Debug|Any CPU
		{B1CF84B3-AA48-DA4D-46DF-A9877660939A}.Debug|Any CPU.Build.0 = Debug|Any CPU
		{B1CF84B3-AA48-DA4D-46DF-A9877660939A}.Release|Any CPU.ActiveCfg = Release|Any CPU
		{B1CF84B3-AA48-DA4D-46DF-A9877660939A}.Release|Any CPU.Build.0 = Release|Any CPU
		{A230F12F-99F7-633C-EA9F-756BEDC229A7}.Debug|Any CPU.ActiveCfg = Debug|Any CPU
		{A230F12F-99F7-633C-EA9F-756BEDC229A7}.Debug|Any CPU.Build.0 = Debug|Any CPU
		{A230F12F-99F7-633C-EA9F-756BEDC229A7}.Release|Any CPU.ActiveCfg = Release|Any CPU
		{A230F12F-99F7-633C-EA9F-756BEDC229A7}.Release|Any CPU.Build.0 = Release|Any CPU
		{66D6488E-0B38-62E5-A668-2C4BD8F5E68E}.Debug|Any CPU.ActiveCfg = Debug|Any CPU
		{66D6488E-0B38-62E5-A668-2C4BD8F5E68E}.Debug|Any CPU.Build.0 = Debug|Any CPU
		{66D6488E-0B38-62E5-A668-2C4BD8F5E68E}.Release|Any CPU.ActiveCfg = Release|Any CPU
		{66D6488E-0B38-62E5-A668-2C4BD8F5E68E}.Release|Any CPU.Build.0 = Release|Any CPU
		{BD8E8E56-0E5B-88E7-A9FF-456D55851489}.Debug|Any CPU.ActiveCfg = Debug|Any CPU
		{BD8E8E56-0E5B-88E7-A9FF-456D55851489}.Debug|Any CPU.Build.0 = Debug|Any CPU
		{BD8E8E56-0E5B-88E7-A9FF-456D55851489}.Release|Any CPU.ActiveCfg = Release|Any CPU
		{BD8E8E56-0E5B-88E7-A9FF-456D55851489}.Release|Any CPU.Build.0 = Release|Any CPU
		{230B78B8-1954-2C32-F98D-9F7FF45FED5F}.Debug|Any CPU.ActiveCfg = Debug|Any CPU
		{230B78B8-1954-2C32-F98D-9F7FF45FED5F}.Debug|Any CPU.Build.0 = Debug|Any CPU
		{230B78B8-1954-2C32-F98D-9F7FF45FED5F}.Release|Any CPU.ActiveCfg = Release|Any CPU
		{230B78B8-1954-2C32-F98D-9F7FF45FED5F}.Release|Any CPU.Build.0 = Release|Any CPU
		{29B7CED1-5320-9F55-59ED-8CAA61842F7E}.Debug|Any CPU.ActiveCfg = Debug|Any CPU
		{29B7CED1-5320-9F55-59ED-8CAA61842F7E}.Debug|Any CPU.Build.0 = Debug|Any CPU
		{29B7CED1-5320-9F55-59ED-8CAA61842F7E}.Release|Any CPU.ActiveCfg = Release|Any CPU
		{29B7CED1-5320-9F55-59ED-8CAA61842F7E}.Release|Any CPU.Build.0 = Release|Any CPU
		{FB275DFE-0441-6F4A-AA84-9BDB89509F13}.Debug|Any CPU.ActiveCfg = Debug|Any CPU
		{FB275DFE-0441-6F4A-AA84-9BDB89509F13}.Debug|Any CPU.Build.0 = Debug|Any CPU
		{FB275DFE-0441-6F4A-AA84-9BDB89509F13}.Release|Any CPU.ActiveCfg = Release|Any CPU
		{FB275DFE-0441-6F4A-AA84-9BDB89509F13}.Release|Any CPU.Build.0 = Release|Any CPU
		{A7244A3A-64A7-4E6F-C66E-D8D9C7BE1AC1}.Debug|Any CPU.ActiveCfg = Debug|Any CPU
		{A7244A3A-64A7-4E6F-C66E-D8D9C7BE1AC1}.Debug|Any CPU.Build.0 = Debug|Any CPU
		{A7244A3A-64A7-4E6F-C66E-D8D9C7BE1AC1}.Release|Any CPU.ActiveCfg = Release|Any CPU
		{A7244A3A-64A7-4E6F-C66E-D8D9C7BE1AC1}.Release|Any CPU.Build.0 = Release|Any CPU
		{44645EDA-8BC6-6B7D-1CD5-E5CFE041D675}.Debug|Any CPU.ActiveCfg = Debug|Any CPU
		{44645EDA-8BC6-6B7D-1CD5-E5CFE041D675}.Debug|Any CPU.Build.0 = Debug|Any CPU
		{44645EDA-8BC6-6B7D-1CD5-E5CFE041D675}.Release|Any CPU.ActiveCfg = Release|Any CPU
		{44645EDA-8BC6-6B7D-1CD5-E5CFE041D675}.Release|Any CPU.Build.0 = Release|Any CPU
		{DEC634E8-858C-6A0B-C8A8-AAF4880AC3C8}.Debug|Any CPU.ActiveCfg = Debug|Any CPU
		{DEC634E8-858C-6A0B-C8A8-AAF4880AC3C8}.Debug|Any CPU.Build.0 = Debug|Any CPU
		{DEC634E8-858C-6A0B-C8A8-AAF4880AC3C8}.Release|Any CPU.ActiveCfg = Release|Any CPU
		{DEC634E8-858C-6A0B-C8A8-AAF4880AC3C8}.Release|Any CPU.Build.0 = Release|Any CPU
		{46E67F8B-DA56-EA76-28E9-1E024F40556A}.Debug|Any CPU.ActiveCfg = Debug|Any CPU
		{46E67F8B-DA56-EA76-28E9-1E024F40556A}.Debug|Any CPU.Build.0 = Debug|Any CPU
		{46E67F8B-DA56-EA76-28E9-1E024F40556A}.Release|Any CPU.ActiveCfg = Release|Any CPU
		{46E67F8B-DA56-EA76-28E9-1E024F40556A}.Release|Any CPU.Build.0 = Release|Any CPU
		{5EBBC958-8B80-71C4-68D9-5CA4E66520EE}.Debug|Any CPU.ActiveCfg = Debug|Any CPU
		{5EBBC958-8B80-71C4-68D9-5CA4E66520EE}.Debug|Any CPU.Build.0 = Debug|Any CPU
		{5EBBC958-8B80-71C4-68D9-5CA4E66520EE}.Release|Any CPU.ActiveCfg = Release|Any CPU
		{5EBBC958-8B80-71C4-68D9-5CA4E66520EE}.Release|Any CPU.Build.0 = Release|Any CPU
		{9B828822-C37F-CAA9-A418-6C4967D4E691}.Debug|Any CPU.ActiveCfg = Debug|Any CPU
		{9B828822-C37F-CAA9-A418-6C4967D4E691}.Debug|Any CPU.Build.0 = Debug|Any CPU
		{9B828822-C37F-CAA9-A418-6C4967D4E691}.Release|Any CPU.ActiveCfg = Release|Any CPU
		{9B828822-C37F-CAA9-A418-6C4967D4E691}.Release|Any CPU.Build.0 = Release|Any CPU
		{C15E2088-B982-0BE7-9929-96836C6F7A73}.Debug|Any CPU.ActiveCfg = Debug|Any CPU
		{C15E2088-B982-0BE7-9929-96836C6F7A73}.Debug|Any CPU.Build.0 = Debug|Any CPU
		{C15E2088-B982-0BE7-9929-96836C6F7A73}.Release|Any CPU.ActiveCfg = Release|Any CPU
		{C15E2088-B982-0BE7-9929-96836C6F7A73}.Release|Any CPU.Build.0 = Release|Any CPU
		{2E45564E-351B-4BC2-E0F0-A2DA492FFEFB}.Debug|Any CPU.ActiveCfg = Debug|Any CPU
		{2E45564E-351B-4BC2-E0F0-A2DA492FFEFB}.Debug|Any CPU.Build.0 = Debug|Any CPU
		{2E45564E-351B-4BC2-E0F0-A2DA492FFEFB}.Release|Any CPU.ActiveCfg = Release|Any CPU
		{2E45564E-351B-4BC2-E0F0-A2DA492FFEFB}.Release|Any CPU.Build.0 = Release|Any CPU
		{9951D996-5E01-6ED2-D058-D2DEEBE8642A}.Debug|Any CPU.ActiveCfg = Debug|Any CPU
		{9951D996-5E01-6ED2-D058-D2DEEBE8642A}.Debug|Any CPU.Build.0 = Debug|Any CPU
		{9951D996-5E01-6ED2-D058-D2DEEBE8642A}.Release|Any CPU.ActiveCfg = Release|Any CPU
		{9951D996-5E01-6ED2-D058-D2DEEBE8642A}.Release|Any CPU.Build.0 = Release|Any CPU
		{1C1F07A6-2CE3-66A3-8CF2-FD8B6EE25FC2}.Debug|Any CPU.ActiveCfg = Debug|Any CPU
		{1C1F07A6-2CE3-66A3-8CF2-FD8B6EE25FC2}.Debug|Any CPU.Build.0 = Debug|Any CPU
		{1C1F07A6-2CE3-66A3-8CF2-FD8B6EE25FC2}.Release|Any CPU.ActiveCfg = Release|Any CPU
		{1C1F07A6-2CE3-66A3-8CF2-FD8B6EE25FC2}.Release|Any CPU.Build.0 = Release|Any CPU
		{02E65BDC-630D-6C6E-5679-4FEAEAAC4EED}.Debug|Any CPU.ActiveCfg = Debug|Any CPU
		{02E65BDC-630D-6C6E-5679-4FEAEAAC4EED}.Debug|Any CPU.Build.0 = Debug|Any CPU
		{02E65BDC-630D-6C6E-5679-4FEAEAAC4EED}.Release|Any CPU.ActiveCfg = Release|Any CPU
		{02E65BDC-630D-6C6E-5679-4FEAEAAC4EED}.Release|Any CPU.Build.0 = Release|Any CPU
		{6B70E3A7-0C78-F6CB-5BE2-B9CF5020581D}.Debug|Any CPU.ActiveCfg = Debug|Any CPU
		{6B70E3A7-0C78-F6CB-5BE2-B9CF5020581D}.Debug|Any CPU.Build.0 = Debug|Any CPU
		{6B70E3A7-0C78-F6CB-5BE2-B9CF5020581D}.Release|Any CPU.ActiveCfg = Release|Any CPU
		{6B70E3A7-0C78-F6CB-5BE2-B9CF5020581D}.Release|Any CPU.Build.0 = Release|Any CPU
		{33449A55-4F13-9724-8829-5EF38696B038}.Debug|Any CPU.ActiveCfg = Debug|Any CPU
		{33449A55-4F13-9724-8829-5EF38696B038}.Debug|Any CPU.Build.0 = Debug|Any CPU
		{33449A55-4F13-9724-8829-5EF38696B038}.Release|Any CPU.ActiveCfg = Release|Any CPU
		{33449A55-4F13-9724-8829-5EF38696B038}.Release|Any CPU.Build.0 = Release|Any CPU
		{E0565A97-3B91-EFD1-4953-2F2AE5C6E02D}.Debug|Any CPU.ActiveCfg = Debug|Any CPU
		{E0565A97-3B91-EFD1-4953-2F2AE5C6E02D}.Debug|Any CPU.Build.0 = Debug|Any CPU
		{E0565A97-3B91-EFD1-4953-2F2AE5C6E02D}.Release|Any CPU.ActiveCfg = Release|Any CPU
		{E0565A97-3B91-EFD1-4953-2F2AE5C6E02D}.Release|Any CPU.Build.0 = Release|Any CPU
		{F640EF52-29D4-B4B2-35E7-E3CB97E191CB}.Debug|Any CPU.ActiveCfg = Debug|Any CPU
		{F640EF52-29D4-B4B2-35E7-E3CB97E191CB}.Debug|Any CPU.Build.0 = Debug|Any CPU
		{F640EF52-29D4-B4B2-35E7-E3CB97E191CB}.Release|Any CPU.ActiveCfg = Release|Any CPU
		{F640EF52-29D4-B4B2-35E7-E3CB97E191CB}.Release|Any CPU.Build.0 = Release|Any CPU
		{978BA097-9CA6-DED8-3DA6-6B5D7CEE4E3D}.Debug|Any CPU.ActiveCfg = Debug|Any CPU
		{978BA097-9CA6-DED8-3DA6-6B5D7CEE4E3D}.Debug|Any CPU.Build.0 = Debug|Any CPU
		{978BA097-9CA6-DED8-3DA6-6B5D7CEE4E3D}.Release|Any CPU.ActiveCfg = Release|Any CPU
		{978BA097-9CA6-DED8-3DA6-6B5D7CEE4E3D}.Release|Any CPU.Build.0 = Release|Any CPU
		{B563812F-61D5-D040-071E-4683A3CC8C4C}.Debug|Any CPU.ActiveCfg = Debug|Any CPU
		{B563812F-61D5-D040-071E-4683A3CC8C4C}.Debug|Any CPU.Build.0 = Debug|Any CPU
		{B563812F-61D5-D040-071E-4683A3CC8C4C}.Release|Any CPU.ActiveCfg = Release|Any CPU
		{B563812F-61D5-D040-071E-4683A3CC8C4C}.Release|Any CPU.Build.0 = Release|Any CPU
		{A2AE22D6-E56D-6DF5-9D74-BFBAFE9A3387}.Debug|Any CPU.ActiveCfg = Debug|Any CPU
		{A2AE22D6-E56D-6DF5-9D74-BFBAFE9A3387}.Debug|Any CPU.Build.0 = Debug|Any CPU
		{A2AE22D6-E56D-6DF5-9D74-BFBAFE9A3387}.Release|Any CPU.ActiveCfg = Release|Any CPU
		{A2AE22D6-E56D-6DF5-9D74-BFBAFE9A3387}.Release|Any CPU.Build.0 = Release|Any CPU
	EndGlobalSection
	GlobalSection(SolutionProperties) = preSolution
		HideSolutionNode = FALSE
	EndGlobalSection
EndGlobal
